
Microsoft Visual Studio Solution File, Format Version 12.00
# Visual Studio Version 17
VisualStudioVersion = 17.6.33712.159
MinimumVisualStudioVersion = 10.0.40219.1
Project("{FAE04EC0-301F-11D3-BF4B-00C04F79EFBC}") = "lab2asvt", "lab2asvt.csproj", "{2BB7D566-E3AF-4C05-9566-AA09A956BCC7}"
EndProject
Project("{FAE04EC0-301F-11D3-BF4B-00C04F79EFBC}") = "secondExample", "..\secondExample\secondExample.csproj", "{5F1948C7-0A0B-446B-9632-F3C563A1432F}"
EndProject
Global
	GlobalSection(SolutionConfigurationPlatforms) = preSolution
		Debug|Any CPU = Debug|Any CPU
		Release|Any CPU = Release|Any CPU
	EndGlobalSection
	GlobalSection(ProjectConfigurationPlatforms) = postSolution
		{2BB7D566-E3AF-4C05-9566-AA09A956BCC7}.Debug|Any CPU.ActiveCfg = Debug|Any CPU
		{2BB7D566-E3AF-4C05-9566-AA09A956BCC7}.Debug|Any CPU.Build.0 = Debug|Any CPU
		{2BB7D566-E3AF-4C05-9566-AA09A956BCC7}.Release|Any CPU.ActiveCfg = Release|Any CPU
		{2BB7D566-E3AF-4C05-9566-AA09A956BCC7}.Release|Any CPU.Build.0 = Release|Any CPU
		{5F1948C7-0A0B-446B-9632-F3C563A1432F}.Debug|Any CPU.ActiveCfg = Debug|Any CPU
		{5F1948C7-0A0B-446B-9632-F3C563A1432F}.Debug|Any CPU.Build.0 = Debug|Any CPU
		{5F1948C7-0A0B-446B-9632-F3C563A1432F}.Release|Any CPU.ActiveCfg = Release|Any CPU
		{5F1948C7-0A0B-446B-9632-F3C563A1432F}.Release|Any CPU.Build.0 = Release|Any CPU
	EndGlobalSection
	GlobalSection(SolutionProperties) = preSolution
		HideSolutionNode = FALSE
	EndGlobalSection
	GlobalSection(ExtensibilityGlobals) = postSolution
		SolutionGuid = {63210296-82BE-4862-AA22-0F57EF05C608}
	EndGlobalSection
EndGlobal
